
Microsoft Visual Studio Solution File, Format Version 12.00
# Visual Studio Version 17
VisualStudioVersion = 17.7.34024.191
MinimumVisualStudioVersion = 10.0.40219.1
Project("{FAE04EC0-301F-11D3-BF4B-00C04F79EFBC}") = "CrudHospital", "CrudHospital\CrudHospital.csproj", "{3FF83BFB-8A87-4D7B-866C-8B84437E69D7}"
EndProject
Global
	GlobalSection(SolutionConfigurationPlatforms) = preSolution
		Debug|Any CPU = Debug|Any CPU
		Release|Any CPU = Release|Any CPU
	EndGlobalSection
	GlobalSection(ProjectConfigurationPlatforms) = postSolution
		{3FF83BFB-8A87-4D7B-866C-8B84437E69D7}.Debug|Any CPU.ActiveCfg = Debug|Any CPU
		{3FF83BFB-8A87-4D7B-866C-8B84437E69D7}.Debug|Any CPU.Build.0 = Debug|Any CPU
		{3FF83BFB-8A87-4D7B-866C-8B84437E69D7}.Release|Any CPU.ActiveCfg = Release|Any CPU
		{3FF83BFB-8A87-4D7B-866C-8B84437E69D7}.Release|Any CPU.Build.0 = Release|Any CPU
	EndGlobalSection
	GlobalSection(SolutionProperties) = preSolution
		HideSolutionNode = FALSE
	EndGlobalSection
	GlobalSection(ExtensibilityGlobals) = postSolution
		SolutionGuid = {6F9CFF1F-0665-4C28-96A3-F6149A6649BA}
	EndGlobalSection
EndGlobal
